
Microsoft Visual Studio Solution File, Format Version 12.00
# Visual Studio Version 17
VisualStudioVersion = 17.0.32014.148
MinimumVisualStudioVersion = 10.0.40219.1
Project("{9A19103F-16F7-4668-BE54-9A1E7A4F7556}") = "Appstract.Front.WebAssembly", "src\Appstract.Front.WebAssembly\Appstract.Front.WebAssembly.csproj", "{D45C2FDF-78CE-492B-8308-F1A862C05DCA}"
EndProject
Project("{9A19103F-16F7-4668-BE54-9A1E7A4F7556}") = "Appstract.Front.Domain", "src\Appstract.Front.Domain\Appstract.Front.Domain.csproj", "{A30CB9D8-F488-42DE-B969-D5E0EA9CAADB}"
EndProject
Project("{9A19103F-16F7-4668-BE54-9A1E7A4F7556}") = "Appstract.Front.Infrastructure", "src\Appstract.Front.Infrastructure\Appstract.Front.Infrastructure.csproj", "{B67F7685-6000-402A-9BC2-F2E3565E90D5}"
EndProject
Project("{2150E333-8FDC-42A3-9474-1A3956D46DE8}") = "tests", "tests", "{B25D1CC6-375A-4196-BF57-EC6B8130E060}"
EndProject
Project("{9A19103F-16F7-4668-BE54-9A1E7A4F7556}") = "Appstract.Front.Application", "src\Appstract.Front.Application\Appstract.Front.Application.csproj", "{B5F7335A-9D49-4FD1-9104-679F675A28BE}"
EndProject
Project("{9A19103F-16F7-4668-BE54-9A1E7A4F7556}") = "Appstract.Front.AcceptanceTest", "tests\Appstract.Front.AcceptanceTest\Appstract.Front.AcceptanceTest.csproj", "{7D61FFE8-3F75-4433-ACA4-03316431765D}"
EndProject
Project("{9A19103F-16F7-4668-BE54-9A1E7A4F7556}") = "Appstract.Front.WebServer", "src\Appstract.Front.WebServer\Appstract.Front.WebServer.csproj", "{B309D261-2EF0-4D62-ADC4-37CD21812FBE}"
EndProject
Project("{9A19103F-16F7-4668-BE54-9A1E7A4F7556}") = "Appstract.Front.E2ETests", "tests\Appstract.Front.E2ETests\Appstract.Front.E2ETests.csproj", "{C4E52D3B-A9EB-4D86-A094-B1CF84BE95A3}"
EndProject
Project("{9A19103F-16F7-4668-BE54-9A1E7A4F7556}") = "Appstract.Front.TestCommon", "tests\Appstract.Front.TestCommon\Appstract.Front.TestCommon.csproj", "{DB00DB65-3ED0-4B4B-A252-D3D47E2F08FA}"
EndProject
Project("{9A19103F-16F7-4668-BE54-9A1E7A4F7556}") = "Appstract.Front.SharedUI", "src\Appstract.Front.SharedUI\Appstract.Front.SharedUI.csproj", "{92FBBD22-D52B-4F87-8DFE-D738E8C8769E}"
EndProject
Project("{2150E333-8FDC-42A3-9474-1A3956D46DE8}") = "Presentation", "Presentation", "{201F78B8-A645-4F24-A437-D599EB527747}"
EndProject
Project("{2150E333-8FDC-42A3-9474-1A3956D46DE8}") = "DataAccess", "DataAccess", "{12AC7483-FFAB-4D2F-92C9-482A5EE436D5}"
EndProject
Project("{2150E333-8FDC-42A3-9474-1A3956D46DE8}") = "BusinessLogic", "BusinessLogic", "{186B6B3E-7A47-4249-944F-D931B1835A0B}"
EndProject
Project("{2150E333-8FDC-42A3-9474-1A3956D46DE8}") = "Web", "Web", "{5C36F302-D978-4D3F-8FEB-5D460D965927}"
EndProject
Project("{9A19103F-16F7-4668-BE54-9A1E7A4F7556}") = "Appstract.Mobile.Application", "src\Appstract.Mobile.Application\Appstract.Mobile.Application.csproj", "{0BC94ECE-7C41-4999-ADC5-1283B8CE0161}"
EndProject
Project("{9A19103F-16F7-4668-BE54-9A1E7A4F7556}") = "Appstract.Mobile.Entities", "src\Appstract.Mobile.Entities\Appstract.Mobile.Entities.csproj", "{5EF41203-F73C-4BBC-93B2-EE2A1D7C2FF5}"
EndProject
Project("{2150E333-8FDC-42A3-9474-1A3956D46DE8}") = "Mobile", "Mobile", "{F2EE6202-0E92-4549-85C1-02A36CE6DEC4}"
EndProject
Project("{9A19103F-16F7-4668-BE54-9A1E7A4F7556}") = "Appstract.Front.Mobile", "src\Appstract.Front.Mobile\Appstract.Front.Mobile.csproj", "{C29A0F67-09B9-4DA5-82C9-D454845C4C0D}"
EndProject
Project("{9A19103F-16F7-4668-BE54-9A1E7A4F7556}") = "Appstract.Mobile.Infrastructure", "src\Appstract.Mobile.Infrastructure\Appstract.Mobile.Infrastructure.csproj", "{476563D5-845A-42BC-8105-371E88C060F4}"
EndProject
Project("{9A19103F-16F7-4668-BE54-9A1E7A4F7556}") = "Appstract.Mobile.AcceptanceTests", "tests\Appstract.Mobile.AcceptanceTests\Appstract.Mobile.AcceptanceTests.csproj", "{E034E8D8-A7A4-49F7-9239-2471631683A5}"
EndProject
Project("{9A19103F-16F7-4668-BE54-9A1E7A4F7556}") = "Appstract.Mobile.UnitTests", "tests\Appstract.Mobile.UnitTests\Appstract.Mobile.UnitTests.csproj", "{BC9D2E0A-F857-4B56-B73F-A7BACE5F7FE5}"
EndProject
Project("{2150E333-8FDC-42A3-9474-1A3956D46DE8}") = "Mobile", "Mobile", "{39ED44F3-8020-435F-98FB-1D4BFE013060}"
EndProject
Project("{9A19103F-16F7-4668-BE54-9A1E7A4F7556}") = "Appstract.Mobile.IntegrationTests", "tests\Appstract.Mobile.IntegrationTests\Appstract.Mobile.IntegrationTests.csproj", "{60865B55-4F8A-49E1-899F-268ABCC31C11}"
EndProject
Project("{2150E333-8FDC-42A3-9474-1A3956D46DE8}") = "Web", "Web", "{2BA9D25B-98C2-4927-A606-2136D5DCEC39}"
EndProject
Project("{9A19103F-16F7-4668-BE54-9A1E7A4F7556}") = "Appstract.Front.InfrastructureMock", "src\Appstract.Front.InfrastructureMock\Appstract.Front.InfrastructureMock.csproj", "{AB32A84C-8040-4C96-92B8-BC0B055319FD}"
EndProject
Project("{2150E333-8FDC-42A3-9474-1A3956D46DE8}") = "Common", "Common", "{56271900-011D-4DA4-9B5F-FCEE472021A1}"
EndProject
Project("{9A19103F-16F7-4668-BE54-9A1E7A4F7556}") = "UltraTone.UnitTest", "tests\Appstract.Front.UnitTest\UltraTone.UnitTest.csproj", "{03ED6A4B-7E4E-4D1F-A27A-8C89B7FFDA93}"
EndProject
Project("{9A19103F-16F7-4668-BE54-9A1E7A4F7556}") = "Appstract.Front.IntegrationTest", "tests\Appstract.Front.IntegrationTest\Appstract.Front.IntegrationTest.csproj", "{7BE29374-7A1D-43BF-88D1-DEC7D8E1FF88}"
EndProject
Global
	GlobalSection(SolutionConfigurationPlatforms) = preSolution
		Debug|Any CPU = Debug|Any CPU
		Release|Any CPU = Release|Any CPU
	EndGlobalSection
	GlobalSection(ProjectConfigurationPlatforms) = postSolution
		{D45C2FDF-78CE-492B-8308-F1A862C05DCA}.Debug|Any CPU.ActiveCfg = Debug|Any CPU
		{D45C2FDF-78CE-492B-8308-F1A862C05DCA}.Debug|Any CPU.Build.0 = Debug|Any CPU
		{D45C2FDF-78CE-492B-8308-F1A862C05DCA}.Release|Any CPU.ActiveCfg = Release|Any CPU
		{D45C2FDF-78CE-492B-8308-F1A862C05DCA}.Release|Any CPU.Build.0 = Release|Any CPU
		{A30CB9D8-F488-42DE-B969-D5E0EA9CAADB}.Debug|Any CPU.ActiveCfg = Debug|Any CPU
		{A30CB9D8-F488-42DE-B969-D5E0EA9CAADB}.Debug|Any CPU.Build.0 = Debug|Any CPU
		{A30CB9D8-F488-42DE-B969-D5E0EA9CAADB}.Release|Any CPU.ActiveCfg = Release|Any CPU
		{A30CB9D8-F488-42DE-B969-D5E0EA9CAADB}.Release|Any CPU.Build.0 = Release|Any CPU
		{B67F7685-6000-402A-9BC2-F2E3565E90D5}.Debug|Any CPU.ActiveCfg = Debug|Any CPU
		{B67F7685-6000-402A-9BC2-F2E3565E90D5}.Debug|Any CPU.Build.0 = Debug|Any CPU
		{B67F7685-6000-402A-9BC2-F2E3565E90D5}.Release|Any CPU.ActiveCfg = Release|Any CPU
		{B67F7685-6000-402A-9BC2-F2E3565E90D5}.Release|Any CPU.Build.0 = Release|Any CPU
		{B5F7335A-9D49-4FD1-9104-679F675A28BE}.Debug|Any CPU.ActiveCfg = Debug|Any CPU
		{B5F7335A-9D49-4FD1-9104-679F675A28BE}.Debug|Any CPU.Build.0 = Debug|Any CPU
		{B5F7335A-9D49-4FD1-9104-679F675A28BE}.Release|Any CPU.ActiveCfg = Release|Any CPU
		{B5F7335A-9D49-4FD1-9104-679F675A28BE}.Release|Any CPU.Build.0 = Release|Any CPU
		{7D61FFE8-3F75-4433-ACA4-03316431765D}.Debug|Any CPU.ActiveCfg = Debug|Any CPU
		{7D61FFE8-3F75-4433-ACA4-03316431765D}.Debug|Any CPU.Build.0 = Debug|Any CPU
		{7D61FFE8-3F75-4433-ACA4-03316431765D}.Release|Any CPU.ActiveCfg = Release|Any CPU
		{7D61FFE8-3F75-4433-ACA4-03316431765D}.Release|Any CPU.Build.0 = Release|Any CPU
		{B309D261-2EF0-4D62-ADC4-37CD21812FBE}.Debug|Any CPU.ActiveCfg = Debug|Any CPU
		{B309D261-2EF0-4D62-ADC4-37CD21812FBE}.Debug|Any CPU.Build.0 = Debug|Any CPU
		{B309D261-2EF0-4D62-ADC4-37CD21812FBE}.Release|Any CPU.ActiveCfg = Release|Any CPU
		{B309D261-2EF0-4D62-ADC4-37CD21812FBE}.Release|Any CPU.Build.0 = Release|Any CPU
		{C4E52D3B-A9EB-4D86-A094-B1CF84BE95A3}.Debug|Any CPU.ActiveCfg = Debug|Any CPU
		{C4E52D3B-A9EB-4D86-A094-B1CF84BE95A3}.Debug|Any CPU.Build.0 = Debug|Any CPU
		{C4E52D3B-A9EB-4D86-A094-B1CF84BE95A3}.Release|Any CPU.ActiveCfg = Release|Any CPU
		{C4E52D3B-A9EB-4D86-A094-B1CF84BE95A3}.Release|Any CPU.Build.0 = Release|Any CPU
		{DB00DB65-3ED0-4B4B-A252-D3D47E2F08FA}.Debug|Any CPU.ActiveCfg = Debug|Any CPU
		{DB00DB65-3ED0-4B4B-A252-D3D47E2F08FA}.Debug|Any CPU.Build.0 = Debug|Any CPU
		{DB00DB65-3ED0-4B4B-A252-D3D47E2F08FA}.Release|Any CPU.ActiveCfg = Release|Any CPU
		{DB00DB65-3ED0-4B4B-A252-D3D47E2F08FA}.Release|Any CPU.Build.0 = Release|Any CPU
		{92FBBD22-D52B-4F87-8DFE-D738E8C8769E}.Debug|Any CPU.ActiveCfg = Debug|Any CPU
		{92FBBD22-D52B-4F87-8DFE-D738E8C8769E}.Debug|Any CPU.Build.0 = Debug|Any CPU
		{92FBBD22-D52B-4F87-8DFE-D738E8C8769E}.Release|Any CPU.ActiveCfg = Release|Any CPU
		{92FBBD22-D52B-4F87-8DFE-D738E8C8769E}.Release|Any CPU.Build.0 = Release|Any CPU
		{0BC94ECE-7C41-4999-ADC5-1283B8CE0161}.Debug|Any CPU.ActiveCfg = Debug|Any CPU
		{0BC94ECE-7C41-4999-ADC5-1283B8CE0161}.Debug|Any CPU.Build.0 = Debug|Any CPU
		{0BC94ECE-7C41-4999-ADC5-1283B8CE0161}.Release|Any CPU.ActiveCfg = Release|Any CPU
		{0BC94ECE-7C41-4999-ADC5-1283B8CE0161}.Release|Any CPU.Build.0 = Release|Any CPU
		{5EF41203-F73C-4BBC-93B2-EE2A1D7C2FF5}.Debug|Any CPU.ActiveCfg = Debug|Any CPU
		{5EF41203-F73C-4BBC-93B2-EE2A1D7C2FF5}.Debug|Any CPU.Build.0 = Debug|Any CPU
		{5EF41203-F73C-4BBC-93B2-EE2A1D7C2FF5}.Release|Any CPU.ActiveCfg = Release|Any CPU
		{5EF41203-F73C-4BBC-93B2-EE2A1D7C2FF5}.Release|Any CPU.Build.0 = Release|Any CPU
		{C29A0F67-09B9-4DA5-82C9-D454845C4C0D}.Debug|Any CPU.ActiveCfg = Debug|Any CPU
		{C29A0F67-09B9-4DA5-82C9-D454845C4C0D}.Debug|Any CPU.Build.0 = Debug|Any CPU
		{C29A0F67-09B9-4DA5-82C9-D454845C4C0D}.Debug|Any CPU.Deploy.0 = Debug|Any CPU
		{C29A0F67-09B9-4DA5-82C9-D454845C4C0D}.Release|Any CPU.ActiveCfg = Release|Any CPU
		{C29A0F67-09B9-4DA5-82C9-D454845C4C0D}.Release|Any CPU.Build.0 = Release|Any CPU
		{C29A0F67-09B9-4DA5-82C9-D454845C4C0D}.Release|Any CPU.Deploy.0 = Release|Any CPU
		{476563D5-845A-42BC-8105-371E88C060F4}.Debug|Any CPU.ActiveCfg = Debug|Any CPU
		{476563D5-845A-42BC-8105-371E88C060F4}.Debug|Any CPU.Build.0 = Debug|Any CPU
		{476563D5-845A-42BC-8105-371E88C060F4}.Release|Any CPU.ActiveCfg = Release|Any CPU
		{476563D5-845A-42BC-8105-371E88C060F4}.Release|Any CPU.Build.0 = Release|Any CPU
		{E034E8D8-A7A4-49F7-9239-2471631683A5}.Debug|Any CPU.ActiveCfg = Debug|Any CPU
		{E034E8D8-A7A4-49F7-9239-2471631683A5}.Debug|Any CPU.Build.0 = Debug|Any CPU
		{E034E8D8-A7A4-49F7-9239-2471631683A5}.Release|Any CPU.ActiveCfg = Release|Any CPU
		{E034E8D8-A7A4-49F7-9239-2471631683A5}.Release|Any CPU.Build.0 = Release|Any CPU
		{BC9D2E0A-F857-4B56-B73F-A7BACE5F7FE5}.Debug|Any CPU.ActiveCfg = Debug|Any CPU
		{BC9D2E0A-F857-4B56-B73F-A7BACE5F7FE5}.Debug|Any CPU.Build.0 = Debug|Any CPU
		{BC9D2E0A-F857-4B56-B73F-A7BACE5F7FE5}.Release|Any CPU.ActiveCfg = Release|Any CPU
		{BC9D2E0A-F857-4B56-B73F-A7BACE5F7FE5}.Release|Any CPU.Build.0 = Release|Any CPU
		{60865B55-4F8A-49E1-899F-268ABCC31C11}.Debug|Any CPU.ActiveCfg = Debug|Any CPU
		{60865B55-4F8A-49E1-899F-268ABCC31C11}.Debug|Any CPU.Build.0 = Debug|Any CPU
		{60865B55-4F8A-49E1-899F-268ABCC31C11}.Release|Any CPU.ActiveCfg = Release|Any CPU
		{60865B55-4F8A-49E1-899F-268ABCC31C11}.Release|Any CPU.Build.0 = Release|Any CPU
		{AB32A84C-8040-4C96-92B8-BC0B055319FD}.Debug|Any CPU.ActiveCfg = Debug|Any CPU
		{AB32A84C-8040-4C96-92B8-BC0B055319FD}.Debug|Any CPU.Build.0 = Debug|Any CPU
		{AB32A84C-8040-4C96-92B8-BC0B055319FD}.Release|Any CPU.ActiveCfg = Release|Any CPU
		{AB32A84C-8040-4C96-92B8-BC0B055319FD}.Release|Any CPU.Build.0 = Release|Any CPU
		{03ED6A4B-7E4E-4D1F-A27A-8C89B7FFDA93}.Debug|Any CPU.ActiveCfg = Debug|Any CPU
		{03ED6A4B-7E4E-4D1F-A27A-8C89B7FFDA93}.Debug|Any CPU.Build.0 = Debug|Any CPU
		{03ED6A4B-7E4E-4D1F-A27A-8C89B7FFDA93}.Release|Any CPU.ActiveCfg = Release|Any CPU
		{03ED6A4B-7E4E-4D1F-A27A-8C89B7FFDA93}.Release|Any CPU.Build.0 = Release|Any CPU
		{7BE29374-7A1D-43BF-88D1-DEC7D8E1FF88}.Debug|Any CPU.ActiveCfg = Debug|Any CPU
		{7BE29374-7A1D-43BF-88D1-DEC7D8E1FF88}.Debug|Any CPU.Build.0 = Debug|Any CPU
		{7BE29374-7A1D-43BF-88D1-DEC7D8E1FF88}.Release|Any CPU.ActiveCfg = Release|Any CPU
		{7BE29374-7A1D-43BF-88D1-DEC7D8E1FF88}.Release|Any CPU.Build.0 = Release|Any CPU
	EndGlobalSection
	GlobalSection(SolutionProperties) = preSolution
		HideSolutionNode = FALSE
	EndGlobalSection
	GlobalSection(NestedProjects) = preSolution
		{D45C2FDF-78CE-492B-8308-F1A862C05DCA} = {5C36F302-D978-4D3F-8FEB-5D460D965927}
		{A30CB9D8-F488-42DE-B969-D5E0EA9CAADB} = {186B6B3E-7A47-4249-944F-D931B1835A0B}
		{B67F7685-6000-402A-9BC2-F2E3565E90D5} = {12AC7483-FFAB-4D2F-92C9-482A5EE436D5}
		{B5F7335A-9D49-4FD1-9104-679F675A28BE} = {186B6B3E-7A47-4249-944F-D931B1835A0B}
		{7D61FFE8-3F75-4433-ACA4-03316431765D} = {2BA9D25B-98C2-4927-A606-2136D5DCEC39}
		{B309D261-2EF0-4D62-ADC4-37CD21812FBE} = {5C36F302-D978-4D3F-8FEB-5D460D965927}
		{C4E52D3B-A9EB-4D86-A094-B1CF84BE95A3} = {2BA9D25B-98C2-4927-A606-2136D5DCEC39}
		{DB00DB65-3ED0-4B4B-A252-D3D47E2F08FA} = {2BA9D25B-98C2-4927-A606-2136D5DCEC39}
		{92FBBD22-D52B-4F87-8DFE-D738E8C8769E} = {56271900-011D-4DA4-9B5F-FCEE472021A1}
		{5C36F302-D978-4D3F-8FEB-5D460D965927} = {201F78B8-A645-4F24-A437-D599EB527747}
		{0BC94ECE-7C41-4999-ADC5-1283B8CE0161} = {186B6B3E-7A47-4249-944F-D931B1835A0B}
		{5EF41203-F73C-4BBC-93B2-EE2A1D7C2FF5} = {186B6B3E-7A47-4249-944F-D931B1835A0B}
		{F2EE6202-0E92-4549-85C1-02A36CE6DEC4} = {201F78B8-A645-4F24-A437-D599EB527747}
		{C29A0F67-09B9-4DA5-82C9-D454845C4C0D} = {F2EE6202-0E92-4549-85C1-02A36CE6DEC4}
		{476563D5-845A-42BC-8105-371E88C060F4} = {12AC7483-FFAB-4D2F-92C9-482A5EE436D5}
		{E034E8D8-A7A4-49F7-9239-2471631683A5} = {39ED44F3-8020-435F-98FB-1D4BFE013060}
		{BC9D2E0A-F857-4B56-B73F-A7BACE5F7FE5} = {39ED44F3-8020-435F-98FB-1D4BFE013060}
		{39ED44F3-8020-435F-98FB-1D4BFE013060} = {B25D1CC6-375A-4196-BF57-EC6B8130E060}
		{60865B55-4F8A-49E1-899F-268ABCC31C11} = {39ED44F3-8020-435F-98FB-1D4BFE013060}
		{2BA9D25B-98C2-4927-A606-2136D5DCEC39} = {B25D1CC6-375A-4196-BF57-EC6B8130E060}
		{AB32A84C-8040-4C96-92B8-BC0B055319FD} = {12AC7483-FFAB-4D2F-92C9-482A5EE436D5}
		{56271900-011D-4DA4-9B5F-FCEE472021A1} = {201F78B8-A645-4F24-A437-D599EB527747}
		{03ED6A4B-7E4E-4D1F-A27A-8C89B7FFDA93} = {2BA9D25B-98C2-4927-A606-2136D5DCEC39}
		{7BE29374-7A1D-43BF-88D1-DEC7D8E1FF88} = {2BA9D25B-98C2-4927-A606-2136D5DCEC39}
	EndGlobalSection
	GlobalSection(ExtensibilityGlobals) = postSolution
		SolutionGuid = {58244408-4324-4722-B08C-3737A69966D6}
	EndGlobalSection
EndGlobal
