
Microsoft Visual Studio Solution File, Format Version 12.00
Project("{FAE04EC0-301F-11D3-BF4B-00C04F79EFBC}") = "SimpleApi", "SimpleApi\SimpleApi.csproj", "{225C466B-7FE7-4B23-9307-D0AC2A9035D8}"
EndProject
Project("{FAE04EC0-301F-11D3-BF4B-00C04F79EFBC}") = "Application", "Application\Application.csproj", "{012787AC-6EBC-42C1-99D8-E5983C434F0B}"
EndProject
Project("{FAE04EC0-301F-11D3-BF4B-00C04F79EFBC}") = "Domain", "Domain\Domain.csproj", "{2B037503-CBED-439C-9973-F0C2D7BD18F2}"
EndProject
Project("{FAE04EC0-301F-11D3-BF4B-00C04F79EFBC}") = "ErrorHandling", "ErrorHandling\ErrorHandling.csproj", "{B6FE1FF5-446A-4483-9E1F-9773633D9FA7}"
EndProject
Project("{FAE04EC0-301F-11D3-BF4B-00C04F79EFBC}") = "Infrastructure", "Infrastructure\Infrastructure.csproj", "{33BFFAA0-E964-4799-81ED-DD0A74F7E5AF}"
EndProject
Project("{FAE04EC0-301F-11D3-BF4B-00C04F79EFBC}") = "ClientSdk.Common", "ClientSdk\ClientSdk.Common\ClientSdk.Common.csproj", "{B1B8F464-C69A-481B-A190-80F639CE8048}"
EndProject
Project("{FAE04EC0-301F-11D3-BF4B-00C04F79EFBC}") = "ClientSdk.Customer.Mobile", "ClientSdk\ClientSdk.Customer.Mobile\ClientSdk.Customer.Mobile.csproj", "{BA64D10B-99A7-402F-953F-E9B8CA1C57C3}"
EndProject
Project("{FAE04EC0-301F-11D3-BF4B-00C04F79EFBC}") = "ClientSdk.Customer.Web", "ClientSdk\ClientSdk.Customer.Web\ClientSdk.Customer.Web.csproj", "{AEA80478-A302-41DE-9D89-EB9E8616E9D9}"
EndProject
Project("{FAE04EC0-301F-11D3-BF4B-00C04F79EFBC}") = "ClientSdk.Generator", "ClientSdk\ClientSdk.Generator\ClientSdk.Generator.csproj", "{A6A945FD-83E7-4E83-B74F-A5941CEF12DD}"
EndProject
Project("{FAE04EC0-301F-11D3-BF4B-00C04F79EFBC}") = "Web.Common", "Web.Common\Web.Common.csproj", "{67820080-D194-4374-A575-5B60A69CAA2B}"
EndProject
Project("{FAE04EC0-301F-11D3-BF4B-00C04F79EFBC}") = "ClientSdk.AcceptanceTests", "ClientSdk.AcceptanceTests\ClientSdk.AcceptanceTests.csproj", "{12B4F289-FA8D-4D1E-8C8B-D167574A0BF0}"
EndProject
Project("{FAE04EC0-301F-11D3-BF4B-00C04F79EFBC}") = "ErrorHandling.UnitTests", "ErrorHandling.UnitTests\ErrorHandling.UnitTests.csproj", "{AD3A7972-B9E4-4AC2-AE81-3CFC46FEC05E}"
EndProject
Project("{2150E333-8FDC-42A3-9474-1A3956D46DE8}") = "ClientSdk", "ClientSdk", "{CF768425-DD32-4A39-813D-BC20E5FCA373}"
EndProject
Project("{2150E333-8FDC-42A3-9474-1A3956D46DE8}") = "ErrorHandling", "ErrorHandling", "{010ED72D-603F-4F0C-863C-F72AEABA9C17}"
EndProject
Project("{2150E333-8FDC-42A3-9474-1A3956D46DE8}") = "Application", "Application", "{BD4D7C25-F592-4E0D-B996-E9226CE5957E}"
EndProject
Global
	GlobalSection(SolutionConfigurationPlatforms) = preSolution
		Debug|Any CPU = Debug|Any CPU
		Release|Any CPU = Release|Any CPU
	EndGlobalSection
	GlobalSection(ProjectConfigurationPlatforms) = postSolution
		{225C466B-7FE7-4B23-9307-D0AC2A9035D8}.Debug|Any CPU.ActiveCfg = Debug|Any CPU
		{225C466B-7FE7-4B23-9307-D0AC2A9035D8}.Debug|Any CPU.Build.0 = Debug|Any CPU
		{225C466B-7FE7-4B23-9307-D0AC2A9035D8}.Release|Any CPU.ActiveCfg = Release|Any CPU
		{225C466B-7FE7-4B23-9307-D0AC2A9035D8}.Release|Any CPU.Build.0 = Release|Any CPU
		{012787AC-6EBC-42C1-99D8-E5983C434F0B}.Debug|Any CPU.ActiveCfg = Debug|Any CPU
		{012787AC-6EBC-42C1-99D8-E5983C434F0B}.Debug|Any CPU.Build.0 = Debug|Any CPU
		{012787AC-6EBC-42C1-99D8-E5983C434F0B}.Release|Any CPU.ActiveCfg = Release|Any CPU
		{012787AC-6EBC-42C1-99D8-E5983C434F0B}.Release|Any CPU.Build.0 = Release|Any CPU
		{2B037503-CBED-439C-9973-F0C2D7BD18F2}.Debug|Any CPU.ActiveCfg = Debug|Any CPU
		{2B037503-CBED-439C-9973-F0C2D7BD18F2}.Debug|Any CPU.Build.0 = Debug|Any CPU
		{2B037503-CBED-439C-9973-F0C2D7BD18F2}.Release|Any CPU.ActiveCfg = Release|Any CPU
		{2B037503-CBED-439C-9973-F0C2D7BD18F2}.Release|Any CPU.Build.0 = Release|Any CPU
		{B6FE1FF5-446A-4483-9E1F-9773633D9FA7}.Debug|Any CPU.ActiveCfg = Debug|Any CPU
		{B6FE1FF5-446A-4483-9E1F-9773633D9FA7}.Debug|Any CPU.Build.0 = Debug|Any CPU
		{B6FE1FF5-446A-4483-9E1F-9773633D9FA7}.Release|Any CPU.ActiveCfg = Release|Any CPU
		{B6FE1FF5-446A-4483-9E1F-9773633D9FA7}.Release|Any CPU.Build.0 = Release|Any CPU
		{33BFFAA0-E964-4799-81ED-DD0A74F7E5AF}.Debug|Any CPU.ActiveCfg = Debug|Any CPU
		{33BFFAA0-E964-4799-81ED-DD0A74F7E5AF}.Debug|Any CPU.Build.0 = Debug|Any CPU
		{33BFFAA0-E964-4799-81ED-DD0A74F7E5AF}.Release|Any CPU.ActiveCfg = Release|Any CPU
		{33BFFAA0-E964-4799-81ED-DD0A74F7E5AF}.Release|Any CPU.Build.0 = Release|Any CPU
		{B1B8F464-C69A-481B-A190-80F639CE8048}.Debug|Any CPU.ActiveCfg = Debug|Any CPU
		{B1B8F464-C69A-481B-A190-80F639CE8048}.Debug|Any CPU.Build.0 = Debug|Any CPU
		{B1B8F464-C69A-481B-A190-80F639CE8048}.Release|Any CPU.ActiveCfg = Release|Any CPU
		{B1B8F464-C69A-481B-A190-80F639CE8048}.Release|Any CPU.Build.0 = Release|Any CPU
		{BA64D10B-99A7-402F-953F-E9B8CA1C57C3}.Debug|Any CPU.ActiveCfg = Debug|Any CPU
		{BA64D10B-99A7-402F-953F-E9B8CA1C57C3}.Debug|Any CPU.Build.0 = Debug|Any CPU
		{BA64D10B-99A7-402F-953F-E9B8CA1C57C3}.Release|Any CPU.ActiveCfg = Release|Any CPU
		{BA64D10B-99A7-402F-953F-E9B8CA1C57C3}.Release|Any CPU.Build.0 = Release|Any CPU
		{AEA80478-A302-41DE-9D89-EB9E8616E9D9}.Debug|Any CPU.ActiveCfg = Debug|Any CPU
		{AEA80478-A302-41DE-9D89-EB9E8616E9D9}.Debug|Any CPU.Build.0 = Debug|Any CPU
		{AEA80478-A302-41DE-9D89-EB9E8616E9D9}.Release|Any CPU.ActiveCfg = Release|Any CPU
		{AEA80478-A302-41DE-9D89-EB9E8616E9D9}.Release|Any CPU.Build.0 = Release|Any CPU
		{A6A945FD-83E7-4E83-B74F-A5941CEF12DD}.Debug|Any CPU.ActiveCfg = Debug|Any CPU
		{A6A945FD-83E7-4E83-B74F-A5941CEF12DD}.Debug|Any CPU.Build.0 = Debug|Any CPU
		{A6A945FD-83E7-4E83-B74F-A5941CEF12DD}.Release|Any CPU.ActiveCfg = Release|Any CPU
		{A6A945FD-83E7-4E83-B74F-A5941CEF12DD}.Release|Any CPU.Build.0 = Release|Any CPU
		{67820080-D194-4374-A575-5B60A69CAA2B}.Debug|Any CPU.ActiveCfg = Debug|Any CPU
		{67820080-D194-4374-A575-5B60A69CAA2B}.Debug|Any CPU.Build.0 = Debug|Any CPU
		{67820080-D194-4374-A575-5B60A69CAA2B}.Release|Any CPU.ActiveCfg = Release|Any CPU
		{67820080-D194-4374-A575-5B60A69CAA2B}.Release|Any CPU.Build.0 = Release|Any CPU
		{12B4F289-FA8D-4D1E-8C8B-D167574A0BF0}.Debug|Any CPU.ActiveCfg = Debug|Any CPU
		{12B4F289-FA8D-4D1E-8C8B-D167574A0BF0}.Debug|Any CPU.Build.0 = Debug|Any CPU
		{12B4F289-FA8D-4D1E-8C8B-D167574A0BF0}.Release|Any CPU.ActiveCfg = Release|Any CPU
		{12B4F289-FA8D-4D1E-8C8B-D167574A0BF0}.Release|Any CPU.Build.0 = Release|Any CPU
		{AD3A7972-B9E4-4AC2-AE81-3CFC46FEC05E}.Debug|Any CPU.ActiveCfg = Debug|Any CPU
		{AD3A7972-B9E4-4AC2-AE81-3CFC46FEC05E}.Debug|Any CPU.Build.0 = Debug|Any CPU
		{AD3A7972-B9E4-4AC2-AE81-3CFC46FEC05E}.Release|Any CPU.ActiveCfg = Release|Any CPU
		{AD3A7972-B9E4-4AC2-AE81-3CFC46FEC05E}.Release|Any CPU.Build.0 = Release|Any CPU
	EndGlobalSection
	GlobalSection(NestedProjects) = preSolution
		{B1B8F464-C69A-481B-A190-80F639CE8048} = {CF768425-DD32-4A39-813D-BC20E5FCA373}
		{BA64D10B-99A7-402F-953F-E9B8CA1C57C3} = {CF768425-DD32-4A39-813D-BC20E5FCA373}
		{AEA80478-A302-41DE-9D89-EB9E8616E9D9} = {CF768425-DD32-4A39-813D-BC20E5FCA373}
		{A6A945FD-83E7-4E83-B74F-A5941CEF12DD} = {CF768425-DD32-4A39-813D-BC20E5FCA373}
		{B6FE1FF5-446A-4483-9E1F-9773633D9FA7} = {010ED72D-603F-4F0C-863C-F72AEABA9C17}
		{AD3A7972-B9E4-4AC2-AE81-3CFC46FEC05E} = {010ED72D-603F-4F0C-863C-F72AEABA9C17}
		{67820080-D194-4374-A575-5B60A69CAA2B} = {CF768425-DD32-4A39-813D-BC20E5FCA373}
		{012787AC-6EBC-42C1-99D8-E5983C434F0B} = {BD4D7C25-F592-4E0D-B996-E9226CE5957E}
		{2B037503-CBED-439C-9973-F0C2D7BD18F2} = {BD4D7C25-F592-4E0D-B996-E9226CE5957E}
		{33BFFAA0-E964-4799-81ED-DD0A74F7E5AF} = {BD4D7C25-F592-4E0D-B996-E9226CE5957E}
		{225C466B-7FE7-4B23-9307-D0AC2A9035D8} = {BD4D7C25-F592-4E0D-B996-E9226CE5957E}
		{12B4F289-FA8D-4D1E-8C8B-D167574A0BF0} = {CF768425-DD32-4A39-813D-BC20E5FCA373}
	EndGlobalSection
EndGlobal
