
Microsoft Visual Studio Solution File, Format Version 12.00
# Visual Studio Version 17
VisualStudioVersion = 17.0.31903.59
MinimumVisualStudioVersion = 10.0.40219.1
Project("{9A19103F-16F7-4668-BE54-9A1E7A4F7556}") = "Domain", "src\Service\Domain\Domain.csproj", "{E0052C31-C278-456D-BED0-6952897F5BE1}"
EndProject
Project("{9A19103F-16F7-4668-BE54-9A1E7A4F7556}") = "ErrorHandling", "src\Service\ErrorHandling\ErrorHandling.csproj", "{4F973811-22D0-47D8-B8CC-5E29ED93638A}"
EndProject
Project("{9A19103F-16F7-4668-BE54-9A1E7A4F7556}") = "Infrastructure", "src\Service\Infrastructure\Infrastructure.csproj", "{749BD5C4-B001-42D5-87D2-BB30C4C52414}"
EndProject
Project("{9A19103F-16F7-4668-BE54-9A1E7A4F7556}") = "Migrations", "src\Service\Migrations\Migrations.csproj", "{09AFD832-E8E6-4655-8CBE-3AFE1410B4A9}"
EndProject
Project("{9A19103F-16F7-4668-BE54-9A1E7A4F7556}") = "Web.Common", "src\Service\Web.Common\Web.Common.csproj", "{AE355F2B-51BF-4D59-A615-A777C8D5086D}"
EndProject
Project("{2150E333-8FDC-42A3-9474-1A3956D46DE8}") = "Service", "Service", "{68643807-23DC-400E-BECE-38979CE04481}"
EndProject
Project("{2150E333-8FDC-42A3-9474-1A3956D46DE8}") = "DataAccess", "DataAccess", "{6FDC4BF3-D942-4286-8F2A-21C14D407208}"
EndProject
Project("{2150E333-8FDC-42A3-9474-1A3956D46DE8}") = "BusinessLogic", "BusinessLogic", "{DC039F5F-1651-44C0-89CF-9CEF0CD886FC}"
EndProject
Project("{2150E333-8FDC-42A3-9474-1A3956D46DE8}") = "Presentation", "Presentation", "{46412E12-D3C4-49BB-8051-03B405D69F9B}"
EndProject
Project("{2150E333-8FDC-42A3-9474-1A3956D46DE8}") = "Sdk", "Sdk", "{CF30F4E0-B125-497F-B42D-D02687266B67}"
EndProject
Project("{9A19103F-16F7-4668-BE54-9A1E7A4F7556}") = "Payment.Api", "src\Service\Payment.Api\Payment.Api.csproj", "{4CB99274-9CEE-4CAB-A4BC-A64FA717E11B}"
EndProject
Project("{9A19103F-16F7-4668-BE54-9A1E7A4F7556}") = "Admin.Api", "src\Service\Admin.Api\Admin.Api.csproj", "{A926B627-FBDA-4937-B8C6-DD3D7844D7FD}"
EndProject
Project("{9A19103F-16F7-4668-BE54-9A1E7A4F7556}") = "ClientSdk.AdminApi", "src\Sdk\ClientSdk\ClientSdk.AdminApi\ClientSdk.AdminApi.csproj", "{2A408F85-6913-41A7-B430-88304688B5E3}"
EndProject
Project("{9A19103F-16F7-4668-BE54-9A1E7A4F7556}") = "ClientSdk.Common", "src\Sdk\ClientSdk\ClientSdk.Common\ClientSdk.Common.csproj", "{8264EE70-EFD2-40AB-B977-9DAF6C6CE5F9}"
EndProject
Project("{9A19103F-16F7-4668-BE54-9A1E7A4F7556}") = "ClientSdk.Generator", "src\Sdk\ClientSdk\ClientSdk.Generator\ClientSdk.Generator.csproj", "{0371B227-A277-45FC-B4AD-FEFCF2631325}"
EndProject
Project("{2150E333-8FDC-42A3-9474-1A3956D46DE8}") = "ClientSdk", "ClientSdk", "{56FED0E1-E475-45E2-A4EA-16389E9288FE}"
EndProject
Project("{2150E333-8FDC-42A3-9474-1A3956D46DE8}") = "Solution Items", "Solution Items", "{E291F8BE-F836-4580-9E5B-13E260F72823}"
	ProjectSection(SolutionItems) = preProject
		.dockerignore = .dockerignore
		.env.template = .env.template
		..\..\.gitignore = ..\..\.gitignore
		Readme.md = Readme.md
	EndProjectSection
EndProject
Project("{E53339B2-1760-4266-BCC7-CA923CBCF16C}") = "docker-compose", "docker-compose.dcproj", "{8B0380E8-F5A7-48D9-B87C-27FA96961F67}"
EndProject
Project("{2150E333-8FDC-42A3-9474-1A3956D46DE8}") = "Test", "Test", "{BCBFAA5A-23F3-4014-8F57-39DB770E0369}"
EndProject
Project("{9A19103F-16F7-4668-BE54-9A1E7A4F7556}") = "Admin.Api.Integration", "src\Test\Admin.Api.Integration\Admin.Api.Integration.csproj", "{F082A263-007C-4043-A7C4-A4885414D72C}"
EndProject
Project("{9A19103F-16F7-4668-BE54-9A1E7A4F7556}") = "AcceptanceTests", "src\Test\AcceptanceTests\AcceptanceTests.csproj", "{DEC830BB-45B9-4175-9DBA-518D8CA458B8}"
EndProject
Project("{FAE04EC0-301F-11D3-BF4B-00C04F79EFBC}") = "Application", "src\Service\Application\Application.csproj", "{F02270F4-2BBC-485C-99E2-D0F1347A5827}"
EndProject
Project("{FAE04EC0-301F-11D3-BF4B-00C04F79EFBC}") = "Global.Mvc", "src\Service\Global.Mvc\Global.Mvc.csproj", "{2EBDFA0C-5B0E-4C14-A2B7-E52013DED81B}"
EndProject
Project("{FAE04EC0-301F-11D3-BF4B-00C04F79EFBC}") = "Payment.Api.Integration", "src\Test\Payment.Api.Integration\Payment.Api.Integration.csproj", "{E4A52849-791A-4880-B865-42360D988061}"
EndProject
Project("{FAE04EC0-301F-11D3-BF4B-00C04F79EFBC}") = "ClientSdk.PaymentApi", "src\Sdk\ClientSdk\ClientSdk.PaymentApi\ClientSdk.PaymentApi.csproj", "{29FDF94F-934C-4C16-A2CB-B8D9802CA6F3}"
EndProject
Project("{FAE04EC0-301F-11D3-BF4B-00C04F79EFBC}") = "Test.Common", "src\Test\Test.Common\Test.Common.csproj", "{073F9EAA-8103-44CF-9FFE-52C154C48FFC}"
EndProject
Project("{2150E333-8FDC-42A3-9474-1A3956D46DE8}") = "Samples", "Samples", "{D572FAC1-B5C3-471E-A7F6-380DEE2D45D6}"
EndProject
Project("{2150E333-8FDC-42A3-9474-1A3956D46DE8}") = "Asp.Net", "Asp.Net", "{B490427E-4281-4D72-A81E-120884B2535A}"
	ProjectSection(SolutionItems) = preProject
		src\Sdk\Samples\Asp.Net\Readme.md = src\Sdk\Samples\Asp.Net\Readme.md
	EndProjectSection
EndProject
Project("{FAE04EC0-301F-11D3-BF4B-00C04F79EFBC}") = "Pay.Sample.Asp", "src\Sdk\Samples\Asp.Net\Pay.Sample.Asp\Pay.Sample.Asp.csproj", "{1337E4B7-BE21-47D5-8E96-251DAC833E38}"
EndProject
Global
	GlobalSection(SolutionConfigurationPlatforms) = preSolution
		Debug|Any CPU = Debug|Any CPU
		Release|Any CPU = Release|Any CPU
	EndGlobalSection
	GlobalSection(ProjectConfigurationPlatforms) = postSolution
		{E0052C31-C278-456D-BED0-6952897F5BE1}.Debug|Any CPU.ActiveCfg = Debug|Any CPU
		{E0052C31-C278-456D-BED0-6952897F5BE1}.Debug|Any CPU.Build.0 = Debug|Any CPU
		{E0052C31-C278-456D-BED0-6952897F5BE1}.Release|Any CPU.ActiveCfg = Release|Any CPU
		{E0052C31-C278-456D-BED0-6952897F5BE1}.Release|Any CPU.Build.0 = Release|Any CPU
		{4F973811-22D0-47D8-B8CC-5E29ED93638A}.Debug|Any CPU.ActiveCfg = Debug|Any CPU
		{4F973811-22D0-47D8-B8CC-5E29ED93638A}.Debug|Any CPU.Build.0 = Debug|Any CPU
		{4F973811-22D0-47D8-B8CC-5E29ED93638A}.Release|Any CPU.ActiveCfg = Release|Any CPU
		{4F973811-22D0-47D8-B8CC-5E29ED93638A}.Release|Any CPU.Build.0 = Release|Any CPU
		{749BD5C4-B001-42D5-87D2-BB30C4C52414}.Debug|Any CPU.ActiveCfg = Debug|Any CPU
		{749BD5C4-B001-42D5-87D2-BB30C4C52414}.Debug|Any CPU.Build.0 = Debug|Any CPU
		{749BD5C4-B001-42D5-87D2-BB30C4C52414}.Release|Any CPU.ActiveCfg = Release|Any CPU
		{749BD5C4-B001-42D5-87D2-BB30C4C52414}.Release|Any CPU.Build.0 = Release|Any CPU
		{09AFD832-E8E6-4655-8CBE-3AFE1410B4A9}.Debug|Any CPU.ActiveCfg = Debug|Any CPU
		{09AFD832-E8E6-4655-8CBE-3AFE1410B4A9}.Debug|Any CPU.Build.0 = Debug|Any CPU
		{09AFD832-E8E6-4655-8CBE-3AFE1410B4A9}.Release|Any CPU.ActiveCfg = Release|Any CPU
		{09AFD832-E8E6-4655-8CBE-3AFE1410B4A9}.Release|Any CPU.Build.0 = Release|Any CPU
		{AE355F2B-51BF-4D59-A615-A777C8D5086D}.Debug|Any CPU.ActiveCfg = Debug|Any CPU
		{AE355F2B-51BF-4D59-A615-A777C8D5086D}.Debug|Any CPU.Build.0 = Debug|Any CPU
		{AE355F2B-51BF-4D59-A615-A777C8D5086D}.Release|Any CPU.ActiveCfg = Release|Any CPU
		{AE355F2B-51BF-4D59-A615-A777C8D5086D}.Release|Any CPU.Build.0 = Release|Any CPU
		{4CB99274-9CEE-4CAB-A4BC-A64FA717E11B}.Debug|Any CPU.ActiveCfg = Debug|Any CPU
		{4CB99274-9CEE-4CAB-A4BC-A64FA717E11B}.Debug|Any CPU.Build.0 = Debug|Any CPU
		{4CB99274-9CEE-4CAB-A4BC-A64FA717E11B}.Release|Any CPU.ActiveCfg = Release|Any CPU
		{4CB99274-9CEE-4CAB-A4BC-A64FA717E11B}.Release|Any CPU.Build.0 = Release|Any CPU
		{A926B627-FBDA-4937-B8C6-DD3D7844D7FD}.Debug|Any CPU.ActiveCfg = Debug|Any CPU
		{A926B627-FBDA-4937-B8C6-DD3D7844D7FD}.Debug|Any CPU.Build.0 = Debug|Any CPU
		{A926B627-FBDA-4937-B8C6-DD3D7844D7FD}.Release|Any CPU.ActiveCfg = Release|Any CPU
		{A926B627-FBDA-4937-B8C6-DD3D7844D7FD}.Release|Any CPU.Build.0 = Release|Any CPU
		{2A408F85-6913-41A7-B430-88304688B5E3}.Debug|Any CPU.ActiveCfg = Debug|Any CPU
		{2A408F85-6913-41A7-B430-88304688B5E3}.Debug|Any CPU.Build.0 = Debug|Any CPU
		{2A408F85-6913-41A7-B430-88304688B5E3}.Release|Any CPU.ActiveCfg = Release|Any CPU
		{2A408F85-6913-41A7-B430-88304688B5E3}.Release|Any CPU.Build.0 = Release|Any CPU
		{8264EE70-EFD2-40AB-B977-9DAF6C6CE5F9}.Debug|Any CPU.ActiveCfg = Debug|Any CPU
		{8264EE70-EFD2-40AB-B977-9DAF6C6CE5F9}.Debug|Any CPU.Build.0 = Debug|Any CPU
		{8264EE70-EFD2-40AB-B977-9DAF6C6CE5F9}.Release|Any CPU.ActiveCfg = Release|Any CPU
		{8264EE70-EFD2-40AB-B977-9DAF6C6CE5F9}.Release|Any CPU.Build.0 = Release|Any CPU
		{0371B227-A277-45FC-B4AD-FEFCF2631325}.Debug|Any CPU.ActiveCfg = Debug|Any CPU
		{0371B227-A277-45FC-B4AD-FEFCF2631325}.Debug|Any CPU.Build.0 = Debug|Any CPU
		{0371B227-A277-45FC-B4AD-FEFCF2631325}.Release|Any CPU.ActiveCfg = Release|Any CPU
		{0371B227-A277-45FC-B4AD-FEFCF2631325}.Release|Any CPU.Build.0 = Release|Any CPU
		{8B0380E8-F5A7-48D9-B87C-27FA96961F67}.Debug|Any CPU.ActiveCfg = Debug|Any CPU
		{8B0380E8-F5A7-48D9-B87C-27FA96961F67}.Debug|Any CPU.Build.0 = Debug|Any CPU
		{8B0380E8-F5A7-48D9-B87C-27FA96961F67}.Release|Any CPU.ActiveCfg = Release|Any CPU
		{8B0380E8-F5A7-48D9-B87C-27FA96961F67}.Release|Any CPU.Build.0 = Release|Any CPU
		{F082A263-007C-4043-A7C4-A4885414D72C}.Debug|Any CPU.ActiveCfg = Debug|Any CPU
		{F082A263-007C-4043-A7C4-A4885414D72C}.Debug|Any CPU.Build.0 = Debug|Any CPU
		{F082A263-007C-4043-A7C4-A4885414D72C}.Release|Any CPU.ActiveCfg = Release|Any CPU
		{F082A263-007C-4043-A7C4-A4885414D72C}.Release|Any CPU.Build.0 = Release|Any CPU
		{DEC830BB-45B9-4175-9DBA-518D8CA458B8}.Debug|Any CPU.ActiveCfg = Debug|Any CPU
		{DEC830BB-45B9-4175-9DBA-518D8CA458B8}.Debug|Any CPU.Build.0 = Debug|Any CPU
		{DEC830BB-45B9-4175-9DBA-518D8CA458B8}.Release|Any CPU.ActiveCfg = Release|Any CPU
		{DEC830BB-45B9-4175-9DBA-518D8CA458B8}.Release|Any CPU.Build.0 = Release|Any CPU
		{F02270F4-2BBC-485C-99E2-D0F1347A5827}.Debug|Any CPU.ActiveCfg = Debug|Any CPU
		{F02270F4-2BBC-485C-99E2-D0F1347A5827}.Debug|Any CPU.Build.0 = Debug|Any CPU
		{F02270F4-2BBC-485C-99E2-D0F1347A5827}.Release|Any CPU.ActiveCfg = Release|Any CPU
		{F02270F4-2BBC-485C-99E2-D0F1347A5827}.Release|Any CPU.Build.0 = Release|Any CPU
		{2EBDFA0C-5B0E-4C14-A2B7-E52013DED81B}.Debug|Any CPU.ActiveCfg = Debug|Any CPU
		{2EBDFA0C-5B0E-4C14-A2B7-E52013DED81B}.Debug|Any CPU.Build.0 = Debug|Any CPU
		{2EBDFA0C-5B0E-4C14-A2B7-E52013DED81B}.Release|Any CPU.ActiveCfg = Release|Any CPU
		{2EBDFA0C-5B0E-4C14-A2B7-E52013DED81B}.Release|Any CPU.Build.0 = Release|Any CPU
		{E4A52849-791A-4880-B865-42360D988061}.Debug|Any CPU.ActiveCfg = Debug|Any CPU
		{E4A52849-791A-4880-B865-42360D988061}.Debug|Any CPU.Build.0 = Debug|Any CPU
		{E4A52849-791A-4880-B865-42360D988061}.Release|Any CPU.ActiveCfg = Release|Any CPU
		{E4A52849-791A-4880-B865-42360D988061}.Release|Any CPU.Build.0 = Release|Any CPU
		{29FDF94F-934C-4C16-A2CB-B8D9802CA6F3}.Debug|Any CPU.ActiveCfg = Debug|Any CPU
		{29FDF94F-934C-4C16-A2CB-B8D9802CA6F3}.Debug|Any CPU.Build.0 = Debug|Any CPU
		{29FDF94F-934C-4C16-A2CB-B8D9802CA6F3}.Release|Any CPU.ActiveCfg = Release|Any CPU
		{29FDF94F-934C-4C16-A2CB-B8D9802CA6F3}.Release|Any CPU.Build.0 = Release|Any CPU
		{073F9EAA-8103-44CF-9FFE-52C154C48FFC}.Debug|Any CPU.ActiveCfg = Debug|Any CPU
		{073F9EAA-8103-44CF-9FFE-52C154C48FFC}.Debug|Any CPU.Build.0 = Debug|Any CPU
		{073F9EAA-8103-44CF-9FFE-52C154C48FFC}.Release|Any CPU.ActiveCfg = Release|Any CPU
		{073F9EAA-8103-44CF-9FFE-52C154C48FFC}.Release|Any CPU.Build.0 = Release|Any CPU
		{1337E4B7-BE21-47D5-8E96-251DAC833E38}.Debug|Any CPU.ActiveCfg = Debug|Any CPU
		{1337E4B7-BE21-47D5-8E96-251DAC833E38}.Debug|Any CPU.Build.0 = Debug|Any CPU
		{1337E4B7-BE21-47D5-8E96-251DAC833E38}.Release|Any CPU.ActiveCfg = Release|Any CPU
		{1337E4B7-BE21-47D5-8E96-251DAC833E38}.Release|Any CPU.Build.0 = Release|Any CPU
	EndGlobalSection
	GlobalSection(SolutionProperties) = preSolution
		HideSolutionNode = FALSE
	EndGlobalSection
	GlobalSection(NestedProjects) = preSolution
		{E0052C31-C278-456D-BED0-6952897F5BE1} = {DC039F5F-1651-44C0-89CF-9CEF0CD886FC}
		{4F973811-22D0-47D8-B8CC-5E29ED93638A} = {DC039F5F-1651-44C0-89CF-9CEF0CD886FC}
		{749BD5C4-B001-42D5-87D2-BB30C4C52414} = {6FDC4BF3-D942-4286-8F2A-21C14D407208}
		{09AFD832-E8E6-4655-8CBE-3AFE1410B4A9} = {6FDC4BF3-D942-4286-8F2A-21C14D407208}
		{AE355F2B-51BF-4D59-A615-A777C8D5086D} = {46412E12-D3C4-49BB-8051-03B405D69F9B}
		{6FDC4BF3-D942-4286-8F2A-21C14D407208} = {68643807-23DC-400E-BECE-38979CE04481}
		{DC039F5F-1651-44C0-89CF-9CEF0CD886FC} = {68643807-23DC-400E-BECE-38979CE04481}
		{46412E12-D3C4-49BB-8051-03B405D69F9B} = {68643807-23DC-400E-BECE-38979CE04481}
		{4CB99274-9CEE-4CAB-A4BC-A64FA717E11B} = {46412E12-D3C4-49BB-8051-03B405D69F9B}
		{A926B627-FBDA-4937-B8C6-DD3D7844D7FD} = {46412E12-D3C4-49BB-8051-03B405D69F9B}
		{2A408F85-6913-41A7-B430-88304688B5E3} = {56FED0E1-E475-45E2-A4EA-16389E9288FE}
		{8264EE70-EFD2-40AB-B977-9DAF6C6CE5F9} = {56FED0E1-E475-45E2-A4EA-16389E9288FE}
		{0371B227-A277-45FC-B4AD-FEFCF2631325} = {56FED0E1-E475-45E2-A4EA-16389E9288FE}
		{56FED0E1-E475-45E2-A4EA-16389E9288FE} = {CF30F4E0-B125-497F-B42D-D02687266B67}
		{F082A263-007C-4043-A7C4-A4885414D72C} = {BCBFAA5A-23F3-4014-8F57-39DB770E0369}
		{DEC830BB-45B9-4175-9DBA-518D8CA458B8} = {BCBFAA5A-23F3-4014-8F57-39DB770E0369}
		{F02270F4-2BBC-485C-99E2-D0F1347A5827} = {DC039F5F-1651-44C0-89CF-9CEF0CD886FC}
		{2EBDFA0C-5B0E-4C14-A2B7-E52013DED81B} = {46412E12-D3C4-49BB-8051-03B405D69F9B}
		{E4A52849-791A-4880-B865-42360D988061} = {BCBFAA5A-23F3-4014-8F57-39DB770E0369}
		{29FDF94F-934C-4C16-A2CB-B8D9802CA6F3} = {56FED0E1-E475-45E2-A4EA-16389E9288FE}
		{073F9EAA-8103-44CF-9FFE-52C154C48FFC} = {BCBFAA5A-23F3-4014-8F57-39DB770E0369}
		{D572FAC1-B5C3-471E-A7F6-380DEE2D45D6} = {CF30F4E0-B125-497F-B42D-D02687266B67}
		{B490427E-4281-4D72-A81E-120884B2535A} = {D572FAC1-B5C3-471E-A7F6-380DEE2D45D6}
		{1337E4B7-BE21-47D5-8E96-251DAC833E38} = {B490427E-4281-4D72-A81E-120884B2535A}
	EndGlobalSection
EndGlobal
