
Microsoft Visual Studio Solution File, Format Version 12.00
Project("{FAE04EC0-301F-11D3-BF4B-00C04F79EFBC}") = "WebApi", "src\presentation\WebApi\WebApi.csproj", "{225C466B-7FE7-4B23-9307-D0AC2A9035D8}"
EndProject
Project("{FAE04EC0-301F-11D3-BF4B-00C04F79EFBC}") = "Application", "src\business\Application\Application.csproj", "{012787AC-6EBC-42C1-99D8-E5983C434F0B}"
EndProject
Project("{FAE04EC0-301F-11D3-BF4B-00C04F79EFBC}") = "Domain", "src\business\Domain\Domain.csproj", "{2B037503-CBED-439C-9973-F0C2D7BD18F2}"
EndProject
Project("{FAE04EC0-301F-11D3-BF4B-00C04F79EFBC}") = "ErrorHandling", "src\business\ErrorHandling\ErrorHandling.csproj", "{B6FE1FF5-446A-4483-9E1F-9773633D9FA7}"
EndProject
Project("{FAE04EC0-301F-11D3-BF4B-00C04F79EFBC}") = "Infrastructure", "src\data-access\Infrastructure\Infrastructure.csproj", "{33BFFAA0-E964-4799-81ED-DD0A74F7E5AF}"
EndProject
Project("{FAE04EC0-301F-11D3-BF4B-00C04F79EFBC}") = "ClientSdk.Common", "src\client-sdk\ClientSdk.Common\ClientSdk.Common.csproj", "{B1B8F464-C69A-481B-A190-80F639CE8048}"
EndProject
Project("{FAE04EC0-301F-11D3-BF4B-00C04F79EFBC}") = "ClientSdk.WebApi", "src\client-sdk\ClientSdk.WebApi\ClientSdk.WebApi.csproj", "{AEA80478-A302-41DE-9D89-EB9E8616E9D9}"
EndProject
Project("{FAE04EC0-301F-11D3-BF4B-00C04F79EFBC}") = "ClientSdk.Generator", "src\client-sdk\ClientSdk.Generator\ClientSdk.Generator.csproj", "{A6A945FD-83E7-4E83-B74F-A5941CEF12DD}"
EndProject
Project("{FAE04EC0-301F-11D3-BF4B-00C04F79EFBC}") = "Web.Common", "src\presentation\Web.Common\Web.Common.csproj", "{67820080-D194-4374-A575-5B60A69CAA2B}"
EndProject
Project("{FAE04EC0-301F-11D3-BF4B-00C04F79EFBC}") = "ErrorHandling.UnitTests", "src\business\ErrorHandling.UnitTests\ErrorHandling.UnitTests.csproj", "{AD3A7972-B9E4-4AC2-AE81-3CFC46FEC05E}"
EndProject
Project("{2150E333-8FDC-42A3-9474-1A3956D46DE8}") = "ClientSdk", "src\client-sdk", "{CF768425-DD32-4A39-813D-BC20E5FCA373}"
EndProject
Project("{2150E333-8FDC-42A3-9474-1A3956D46DE8}") = "ErrorHandling", "src\ErrorHandling", "{010ED72D-603F-4F0C-863C-F72AEABA9C17}"
EndProject
Project("{2150E333-8FDC-42A3-9474-1A3956D46DE8}") = "BusinessLogic", "BusinessLogic", "{BD4D7C25-F592-4E0D-B996-E9226CE5957E}"
EndProject
Project("{2150E333-8FDC-42A3-9474-1A3956D46DE8}") = "Backend", "Backend", "{E867AB49-7522-4AD1-9FBA-E688F3ADC38C}"
EndProject
Project("{2150E333-8FDC-42A3-9474-1A3956D46DE8}") = "Tests", "Tests", "{B6BD51A1-B6C3-4400-A59A-825EFCB35CB5}"
EndProject
Project("{FAE04EC0-301F-11D3-BF4B-00C04F79EFBC}") = "Appstract.UnitTests", "tests\Appstract.UnitTests\Appstract.UnitTests.csproj", "{D6CBCD25-D3FB-4E8D-8627-B94BF82A2701}"
EndProject
Project("{2150E333-8FDC-42A3-9474-1A3956D46DE8}") = "Presentation", "Presentation", "{8558F699-379A-4AA4-9FC4-9B8E7F242789}"
EndProject
Project("{2150E333-8FDC-42A3-9474-1A3956D46DE8}") = "DataAccess", "DataAccess", "{0CADC555-885F-4258-953B-549F8FE4FC04}"
EndProject
Project("{FAE04EC0-301F-11D3-BF4B-00C04F79EFBC}") = "Migrations", "src\data-access\Migrations\Migrations.csproj", "{39E0A57B-0A98-4909-AD05-35DA9AF80F4A}"
EndProject
Project("{2150E333-8FDC-42A3-9474-1A3956D46DE8}") = "Solution Items", "Solution Items", "{0F193C48-7B32-49F5-B261-A96C54F8A768}"
	ProjectSection(SolutionItems) = preProject
		.env.template = .env.template
	EndProjectSection
EndProject
Global
	GlobalSection(SolutionConfigurationPlatforms) = preSolution
		Debug|Any CPU = Debug|Any CPU
		Release|Any CPU = Release|Any CPU
	EndGlobalSection
	GlobalSection(ProjectConfigurationPlatforms) = postSolution
		{225C466B-7FE7-4B23-9307-D0AC2A9035D8}.Debug|Any CPU.ActiveCfg = Debug|Any CPU
		{225C466B-7FE7-4B23-9307-D0AC2A9035D8}.Debug|Any CPU.Build.0 = Debug|Any CPU
		{225C466B-7FE7-4B23-9307-D0AC2A9035D8}.Release|Any CPU.ActiveCfg = Release|Any CPU
		{225C466B-7FE7-4B23-9307-D0AC2A9035D8}.Release|Any CPU.Build.0 = Release|Any CPU
		{012787AC-6EBC-42C1-99D8-E5983C434F0B}.Debug|Any CPU.ActiveCfg = Debug|Any CPU
		{012787AC-6EBC-42C1-99D8-E5983C434F0B}.Debug|Any CPU.Build.0 = Debug|Any CPU
		{012787AC-6EBC-42C1-99D8-E5983C434F0B}.Release|Any CPU.ActiveCfg = Release|Any CPU
		{012787AC-6EBC-42C1-99D8-E5983C434F0B}.Release|Any CPU.Build.0 = Release|Any CPU
		{2B037503-CBED-439C-9973-F0C2D7BD18F2}.Debug|Any CPU.ActiveCfg = Debug|Any CPU
		{2B037503-CBED-439C-9973-F0C2D7BD18F2}.Debug|Any CPU.Build.0 = Debug|Any CPU
		{2B037503-CBED-439C-9973-F0C2D7BD18F2}.Release|Any CPU.ActiveCfg = Release|Any CPU
		{2B037503-CBED-439C-9973-F0C2D7BD18F2}.Release|Any CPU.Build.0 = Release|Any CPU
		{B6FE1FF5-446A-4483-9E1F-9773633D9FA7}.Debug|Any CPU.ActiveCfg = Debug|Any CPU
		{B6FE1FF5-446A-4483-9E1F-9773633D9FA7}.Debug|Any CPU.Build.0 = Debug|Any CPU
		{B6FE1FF5-446A-4483-9E1F-9773633D9FA7}.Release|Any CPU.ActiveCfg = Release|Any CPU
		{B6FE1FF5-446A-4483-9E1F-9773633D9FA7}.Release|Any CPU.Build.0 = Release|Any CPU
		{33BFFAA0-E964-4799-81ED-DD0A74F7E5AF}.Debug|Any CPU.ActiveCfg = Debug|Any CPU
		{33BFFAA0-E964-4799-81ED-DD0A74F7E5AF}.Debug|Any CPU.Build.0 = Debug|Any CPU
		{33BFFAA0-E964-4799-81ED-DD0A74F7E5AF}.Release|Any CPU.ActiveCfg = Release|Any CPU
		{33BFFAA0-E964-4799-81ED-DD0A74F7E5AF}.Release|Any CPU.Build.0 = Release|Any CPU
		{B1B8F464-C69A-481B-A190-80F639CE8048}.Debug|Any CPU.ActiveCfg = Debug|Any CPU
		{B1B8F464-C69A-481B-A190-80F639CE8048}.Debug|Any CPU.Build.0 = Debug|Any CPU
		{B1B8F464-C69A-481B-A190-80F639CE8048}.Release|Any CPU.ActiveCfg = Release|Any CPU
		{B1B8F464-C69A-481B-A190-80F639CE8048}.Release|Any CPU.Build.0 = Release|Any CPU
		{AEA80478-A302-41DE-9D89-EB9E8616E9D9}.Debug|Any CPU.ActiveCfg = Debug|Any CPU
		{AEA80478-A302-41DE-9D89-EB9E8616E9D9}.Debug|Any CPU.Build.0 = Debug|Any CPU
		{AEA80478-A302-41DE-9D89-EB9E8616E9D9}.Release|Any CPU.ActiveCfg = Release|Any CPU
		{AEA80478-A302-41DE-9D89-EB9E8616E9D9}.Release|Any CPU.Build.0 = Release|Any CPU
		{A6A945FD-83E7-4E83-B74F-A5941CEF12DD}.Debug|Any CPU.ActiveCfg = Debug|Any CPU
		{A6A945FD-83E7-4E83-B74F-A5941CEF12DD}.Debug|Any CPU.Build.0 = Debug|Any CPU
		{A6A945FD-83E7-4E83-B74F-A5941CEF12DD}.Release|Any CPU.ActiveCfg = Release|Any CPU
		{A6A945FD-83E7-4E83-B74F-A5941CEF12DD}.Release|Any CPU.Build.0 = Release|Any CPU
		{67820080-D194-4374-A575-5B60A69CAA2B}.Debug|Any CPU.ActiveCfg = Debug|Any CPU
		{67820080-D194-4374-A575-5B60A69CAA2B}.Debug|Any CPU.Build.0 = Debug|Any CPU
		{67820080-D194-4374-A575-5B60A69CAA2B}.Release|Any CPU.ActiveCfg = Release|Any CPU
		{67820080-D194-4374-A575-5B60A69CAA2B}.Release|Any CPU.Build.0 = Release|Any CPU
		{AD3A7972-B9E4-4AC2-AE81-3CFC46FEC05E}.Debug|Any CPU.ActiveCfg = Debug|Any CPU
		{AD3A7972-B9E4-4AC2-AE81-3CFC46FEC05E}.Debug|Any CPU.Build.0 = Debug|Any CPU
		{AD3A7972-B9E4-4AC2-AE81-3CFC46FEC05E}.Release|Any CPU.ActiveCfg = Release|Any CPU
		{AD3A7972-B9E4-4AC2-AE81-3CFC46FEC05E}.Release|Any CPU.Build.0 = Release|Any CPU
		{D6CBCD25-D3FB-4E8D-8627-B94BF82A2701}.Debug|Any CPU.ActiveCfg = Debug|Any CPU
		{D6CBCD25-D3FB-4E8D-8627-B94BF82A2701}.Debug|Any CPU.Build.0 = Debug|Any CPU
		{D6CBCD25-D3FB-4E8D-8627-B94BF82A2701}.Release|Any CPU.ActiveCfg = Release|Any CPU
		{D6CBCD25-D3FB-4E8D-8627-B94BF82A2701}.Release|Any CPU.Build.0 = Release|Any CPU
		{39E0A57B-0A98-4909-AD05-35DA9AF80F4A}.Debug|Any CPU.ActiveCfg = Debug|Any CPU
		{39E0A57B-0A98-4909-AD05-35DA9AF80F4A}.Debug|Any CPU.Build.0 = Debug|Any CPU
		{39E0A57B-0A98-4909-AD05-35DA9AF80F4A}.Release|Any CPU.ActiveCfg = Release|Any CPU
		{39E0A57B-0A98-4909-AD05-35DA9AF80F4A}.Release|Any CPU.Build.0 = Release|Any CPU
	EndGlobalSection
	GlobalSection(NestedProjects) = preSolution
		{B1B8F464-C69A-481B-A190-80F639CE8048} = {CF768425-DD32-4A39-813D-BC20E5FCA373}
		{AEA80478-A302-41DE-9D89-EB9E8616E9D9} = {CF768425-DD32-4A39-813D-BC20E5FCA373}
		{A6A945FD-83E7-4E83-B74F-A5941CEF12DD} = {CF768425-DD32-4A39-813D-BC20E5FCA373}
		{AD3A7972-B9E4-4AC2-AE81-3CFC46FEC05E} = {010ED72D-603F-4F0C-863C-F72AEABA9C17}
		{012787AC-6EBC-42C1-99D8-E5983C434F0B} = {BD4D7C25-F592-4E0D-B996-E9226CE5957E}
		{2B037503-CBED-439C-9973-F0C2D7BD18F2} = {BD4D7C25-F592-4E0D-B996-E9226CE5957E}
		{BD4D7C25-F592-4E0D-B996-E9226CE5957E} = {E867AB49-7522-4AD1-9FBA-E688F3ADC38C}
		{010ED72D-603F-4F0C-863C-F72AEABA9C17} = {E867AB49-7522-4AD1-9FBA-E688F3ADC38C}
		{CF768425-DD32-4A39-813D-BC20E5FCA373} = {E867AB49-7522-4AD1-9FBA-E688F3ADC38C}
		{B6BD51A1-B6C3-4400-A59A-825EFCB35CB5} = {E867AB49-7522-4AD1-9FBA-E688F3ADC38C}
		{D6CBCD25-D3FB-4E8D-8627-B94BF82A2701} = {B6BD51A1-B6C3-4400-A59A-825EFCB35CB5}
		{8558F699-379A-4AA4-9FC4-9B8E7F242789} = {E867AB49-7522-4AD1-9FBA-E688F3ADC38C}
		{0CADC555-885F-4258-953B-549F8FE4FC04} = {E867AB49-7522-4AD1-9FBA-E688F3ADC38C}
		{33BFFAA0-E964-4799-81ED-DD0A74F7E5AF} = {0CADC555-885F-4258-953B-549F8FE4FC04}
		{225C466B-7FE7-4B23-9307-D0AC2A9035D8} = {8558F699-379A-4AA4-9FC4-9B8E7F242789}
		{B6FE1FF5-446A-4483-9E1F-9773633D9FA7} = {BD4D7C25-F592-4E0D-B996-E9226CE5957E}
		{67820080-D194-4374-A575-5B60A69CAA2B} = {8558F699-379A-4AA4-9FC4-9B8E7F242789}
		{39E0A57B-0A98-4909-AD05-35DA9AF80F4A} = {0CADC555-885F-4258-953B-549F8FE4FC04}
		{0F193C48-7B32-49F5-B261-A96C54F8A768} = {E867AB49-7522-4AD1-9FBA-E688F3ADC38C}
	EndGlobalSection
EndGlobal
